lockfileVersion: '9.0'

settings:
  autoInstallPeers: false
  excludeLinksFromLockfile: false

importers:

  .:
    dependencies:
      '@agentclientprotocol/sdk':
        specifier: ^1.3.0
        version: 1.3.0(zod@4.4.3)
      '@deepseek-ai/schemastery':
        specifier: ^3.18.1
        version: 3.18.1
      zod:
        specifier: ^3.25.0 || ^4.0.0
        version: 4.4.3

packages:

  '@agentclientprotocol/sdk@1.3.0':
    resolution: {integrity: sha512-i3h/efaeuMUFAO1HSfo97QZQnnvMd7wWBYtBsdL6UMZg3a78sk3Ffya5Xu7C7tYsXomXoDXJBAzQF2PcFKAhIQ==}
    peerDependencies:
      zod: ^3.25.0 || ^4.0.0

  '@deepseek-ai/cosmokit@1.8.2':
    resolution: {integrity: sha512-muBOKtSrUKU5m/xpq8ZXWL6hQ/jgd4PhU2PqH97bcxIiLEJfNwZOGQEx4t/aS/GgxRAR+ra9pMHPMtTHU4sqqA==}

  '@deepseek-ai/schemastery@3.18.1':
    resolution: {integrity: sha512-Qn0FCSwCQnpnj6SB31I6i2sIKgKWnkbJM8O0EU91Gv2UsYVvtZTl6IA0sCwk2e2MZf5S8w5hpq9QkeVvK9qwxg==}

  '@standard-schema/spec@1.1.0':
    resolution: {integrity: sha512-l2aFy5jALhniG5HgqrD6jXLi/rUWrKvqN/qJx6yoJsgKhblVd+iqqU4RCXavm/jPityDo5TCvKMnpjKnOriy0w==}

  zod@4.4.3:
    resolution: {integrity: sha512-ytENFjIJFl2UwYglde2jchW2Hwm4GJFLDiSXWdTrJQBIN9Fcyp7n4DhxJEiWNAJMV1/BqWfW/kkg71UDcHJyTQ==}

snapshots:

  '@agentclientprotocol/sdk@1.3.0(zod@4.4.3)':
    dependencies:
      zod: 4.4.3

  '@deepseek-ai/cosmokit@1.8.2': {}

  '@deepseek-ai/schemastery@3.18.1':
    dependencies:
      '@deepseek-ai/cosmokit': 1.8.2
      '@standard-schema/spec': 1.1.0

  '@standard-schema/spec@1.1.0': {}

  zod@4.4.3: {}
